{
    "_meta": {
        "hash": {
            "sha256": "3887b184faff5ab9865b9e6417ba4d0a5e26f486175ba4ff5f6fe0fac3816fb5"
        },
        "pipfile-spec": 6,
        "requires": {
            "python_version": "3.7"
        },
        "sources": [
            {
                "name": "pypi",
                "url": "https://pypi.org/simple",
                "verify_ssl": true
            }
        ]
    },
    "default": {
        "beautifulsoup4": {
            "hashes": [
                "sha256:1ed70a0e99742653953d68462378a1a8eb65dca5f7c8fa44a05a2a0b3545df67",
                "sha256:6a7f5e0efc563cd1ffeefba6d528b97aa0d313c02dd126ba6c455e5fe5bd48eb",
                "sha256:e394827904cc4923f443e8dd2e9968343669c8e1ad7a8d62d7541e780884acb8"
            ],
            "version": "==4.7.0"
        },
        "certifi": {
            "hashes": [
                "sha256:47f9c83ef4c0c621eaef743f133f09fa8a74a9b75f037e8624f83bd1b6626cb7",
                "sha256:993f830721089fef441cdfeb4b2c8c9df86f0c63239f06bd025a76a7daddb033"
            ],
            "version": "==2018.11.29"
        },
        "chardet": {
            "hashes": [
                "sha256:84ab92ed1c4d4f16916e05906b6b75a6c0fb5db821cc65e70cbd64a3e2a5eaae",
                "sha256:fc323ffcaeaed0e0a02bf4d117757b98aed530d9ed4531e3e15460124c106691"
            ],
            "version": "==3.0.4"
        },
        "fbchat": {
            "hashes": [
                "sha256:b1110ddafaa3f394c6843e3532459ee69275eebad7828cbfa12343183d66bbd6",
                "sha256:b18a866e7de3b76562ae13b611c5004dcd4ce7f262faf95803235793701a7962",
                "sha256:dd0f95351e99748af5622b5f3ee35500ab1dfb94487aac1e07058684402b200c"
            ],
            "index": "pypi",
            "version": "==1.4.2"
        },
        "idna": {
            "hashes": [
                "sha256:c357b3f628cf53ae2c4c05627ecc484553142ca23264e593d327bcde5e9c3407",
                "sha256:ea8b7f6188e6fa117537c3df7da9fc686d485087abf6ac197f9c46432f7e4a3c"
            ],
            "version": "==2.8"
        },
        "python-gnupg": {
            "hashes": [
                "sha256:2d158dfc6b54927752b945ebe57e6a0c45da27747fa3b9ae66eccc0d2147ac0d",
                "sha256:faa69bab58ed0936f0ccf96c99b92369b7a1819305d37dfe5c927d21a437a09d"
            ],
            "index": "pypi",
            "version": "==0.4.3"
        },
        "requests": {
            "hashes": [
                "sha256:502a824f31acdacb3a35b6690b5fbf0bc41d63a24a45c4004352b0242707598e",
                "sha256:7bf2a778576d825600030a110f3c0e3e8edc51dfaafe1c146e39a2027784957b"
            ],
            "version": "==2.21.0"
        },
        "soupsieve": {
            "hashes": [
                "sha256:638535780f7b966411123d56eb3b89cd1d2e42d707270c6d7d053c7720a238f3",
                "sha256:cb61b59c55f9f6e91928a03fe4b500ac1fcef6f8e68082a630db098ab33e2126"
            ],
            "version": "==1.6.2"
        },
        "urllib3": {
            "hashes": [
                "sha256:61bf29cada3fc2fbefad4fdf059ea4bd1b4a86d2b6d15e1c7c0b582b9752fe39",
                "sha256:de9529817c93f27c8ccbfead6985011db27bd0ddfcdb2d86f3f663385c6a9c22"
            ],
            "version": "==1.24.1"
        }
    },
    "develop": {}
}
